cel.dev/expr v0.25.1 h1:1KrZg61W6TWSxuNZ37Xy49ps13NUovb66QLprthtwi4=
cel.dev/expr v0.25.1/go.mod h1:hrXvqGP6G6gyx8UAHSHJ5RGk//1Oj5nXQ2NI02Nrsg4=
github.com/AdaLogics/go-fuzz-headers v0.0.0-20240806141605-e8a1dd7889d6 h1:He8afgbRMd7mFxO99hRNu+6tazq8nFF9lIwo9JFroBk=
github.com/AdaLogics/go-fuzz-headers v0.0.0-20240806141605-e8a1dd7889d6/go.mod h1:8o94RPi1/7XTJvwPpRSzSUedZrtlirdB3r9Z20bi2f8=
github.com/aead/siphash v1.0.1 h1:FwHfE/T45KPKYuuSAKyyvE+oPWcaQ+CUmFW0bPlM+kg=
github.com/aead/siphash v1.0.1/go.mod h1:Nywa3cDsYNNK3gaciGTWPwHt0wlpNV15vwmswBAUSII=
github.com/antlr4-go/antlr/v4 v4.13.0 h1:lxCg3LAv+EUK6t1i0y1V6/SLeUi0eKEKdhQAlS8TVTI=
github.com/antlr4-go/antlr/v4 v4.13.0/go.mod h1:pfChB/xh/Unjila75QW7+VU4TSnWnnk9UTnmpPaOR2g=
github.com/arkade-os/arkd/api-spec v0.0.0-20260323091657-eeb0baef6937 h1:010LTrhQYsGDSA2aE8CoCrOpcZFs1JQ5wPrBomtsfOw=
github.com/arkade-os/arkd/api-spec v0.0.0-20260323091657-eeb0baef6937/go.mod h1:2+6ix1UGGE22Q/rbab1dycFPPKiTyq0gldKVqVfFPWs=
github.com/arkade-os/arkd/pkg/ark-lib v0.8.1-0.20260802233125-8b34e3528595 h1:iBrO8BvmmVbgUJzxHaW6nuV5TtAShZ3drBX1Ni2xfgE=
github.com/arkade-os/arkd/pkg/ark-lib v0.8.1-0.20260802233125-8b34e3528595/go.mod h1:avdZSS7YPJDuUVjt36ofCg+EgaeWCBz2v3oGRcHNAMs=
github.com/arkade-os/arkd/pkg/client-lib v0.0.0-20260707112601-db93f3d63dab h1:4WBbtvNv0YJERJ4u7WIXEu5HAodLT2LcTns9mdOCfBE=
github.com/arkade-os/arkd/pkg/client-lib v0.0.0-20260707112601-db93f3d63dab/go.mod h1:81zt7XjH9ZLqearojDEpUbKqlrBKbuZdUMKKnLSZmfs=
github.com/arkade-os/arkd/pkg/errors v0.0.0-20260303153651-8615412e4dea h1:x9ZwZL+F2b9E0uBZYBVjCLGtlqIE4zahDOY4C89h3X4=
github.com/arkade-os/arkd/pkg/errors v0.0.0-20260303153651-8615412e4dea/go.mod h1:NYGE+baj57ynbXNwjISJddMDpMqAWOX27dV22xqFm2A=
github.com/arkade-os/arkd/pkg/errors v0.0.0-20260617121018-268d19d9641c h1:bCR7XZh13/aKfXlISe+FDwQG8UJDo+Gl7s7WqG5mWZ4=
github.com/arkade-os/arkd/pkg/errors v0.0.0-20260617121018-268d19d9641c/go.mod h1:xEAZzMWZ1f3lI9BXZABwiJ+yTpM1M7+dsVDsl0F6mY4=
github.com/arkade-os/emulator/api-spec v0.0.0-20260903164234-4feb9eaa81b4 h1:27dE9TdfYSsF0lR6wy/Io+b5Ye0BjuTkd7xhHvu0288=
github.com/arkade-os/emulator/api-spec v0.0.0-20260903164234-4feb9eaa81b4/go.mod h1:tEIk3jkGMkN3zo4oc9Pyds2bQVKL83rZ6aUX5KVeYLU=
github.com/arkade-os/emulator/pkg/arkade v0.0.0-20260903164234-4feb9eaa81b4 h1:IXRc+QllOu513qH5NeGjuXVHoZD79Qb8WC/8ShC9E28=
github.com/arkade-os/emulator/pkg/arkade v0.0.0-20260903164234-4feb9eaa81b4/go.mod h1:GRTwZJ0eBLovxhWh57z8x83Y/ygdU7gz6wHlo2Ob8VY=
github.com/arkade-os/emulator/pkg/client v0.0.0-20260903164234-4feb9eaa81b4 h1:ABjfYi2C04kMM8O5rvakCH7GzLTOwe3uFsOOESXU9UY=
github.com/arkade-os/emulator/pkg/client v0.0.0-20260903164234-4feb9eaa81b4/go.mod h1:0uQ+FggJsZ94TCUUGjWNtRkeuVGmollfrAKR3+LvvaM=
github.com/arkade-os/go-sdk v0.11.0 h1:xE/MfapmbQ6xTqRu/bT+okdDQN4qCDTKLPUAKVyaJdA=
github.com/arkade-os/go-sdk v0.11.0/go.mod h1:lIyfGiUx9N7eAl99kopr8TGpSUdLt+E76FQoXkV2qZU=
github.com/base/go-bip39 v1.1.0 h1:ely6zK09KaQbfX8wpcmN4pRXy0SbbqMT2QF45P1BNh0=
github.com/base/go-bip39 v1.1.0/go.mod h1:grZZXX8gYycovDC4cLS/RS0DmctofwHN+MUhedYCbO0=
github.com/bits-and-blooms/bitset v1.20.0 h1:2F+rfL86jE2d/bmw7OhqUg2Sj/1rURkBn3MdfoPyRVU=
github.com/bits-and-blooms/bitset v1.20.0/go.mod h1:7hO7Gc7Pp1vODcmWvKMRA9BNmbv6a/7QIWpPxHddWR8=
github.com/btcsuite/btcd v0.20.1-beta/go.mod h1:wVuoA8VJLEcwgqHBwHmzLRazpKxTv13Px/pDuV7OomQ=
github.com/btcsuite/btcd v0.22.0-beta.0.20220111032746-97732e52810c/go.mod h1:tjmYdS6MLJ5/s0Fj4DbLgSbDHbEqLJrtnHecBFkdz5M=
github.com/btcsuite/btcd v0.23.5-0.20231215221805-96c9fd8078fd/go.mod h1:nm3Bko6zh6bWP60UxwoT5LzdGJsQJaPo6HjduXq9p6A=
github.com/btcsuite/btcd v0.24.2/go.mod h1:5C8ChTkl5ejr3WHj8tkQSCmydiMEPB0ZhQhehpq7Dgg=
github.com/btcsuite/btcd v0.24.3-0.20240921052913-67b8efd3ba53 h1:XOZ/wRGHkKv0AqxfDks5IkzaQ1Ge6fq322ZOOG5VIkU=
github.com/btcsuite/btcd v0.24.3-0.20240921052913-67b8efd3ba53/go.mod h1:zHK7t7sw8XbsCkD64WePHE3r3k9/XoGAcf6mXV14c64=
github.com/btcsuite/btcd/btcec/v2 v2.1.0/go.mod h1:2VzYrv4Gm4apmbVVsSq5bqf1Ec8v56E48Vt0Y/umPgA=
github.com/btcsuite/btcd/btcec/v2 v2.1.3/go.mod h1:ctjw4H1kknNJmRN4iP1R7bTQ+v3GJkZBd6mui8ZsAZE=
github.com/btcsuite/btcd/btcec/v2 v2.3.3 h1:6+iXlDKE8RMtKsvK0gshlXIuPbyWM/h84Ensb7o3sC0=
github.com/btcsuite/btcd/btcec/v2 v2.3.3/go.mod h1:zYzJ8etWJQIv1Ogk7OzpWjowwOdXY1W/17j2MW85J04=
github.com/btcsuite/btcd/btcec/v2 v2.3.5 h1:dpAlnAwmT1yIBm3exhT1/8iUSD98RDJM5vqJVQDQLiU=
github.com/btcsuite/btcd/btcec/v2 v2.3.5/go.mod h1:m22FrOAiuxl/tht9wIqAoGHcbnCCaPWyauO8y2LGGtQ=
github.com/btcsuite/btcd/btcutil v1.0.0/go.mod h1:Uoxwv0pqYWhD//tfTiipkxNfdhG9UrLwaeswfjfdF0A=
github.com/btcsuite/btcd/btcutil v1.1.0/go.mod h1:5OapHB7A2hBBWLm48mmw4MOHNJCcUBTwmWH/0Jn8VHE=
github.com/btcsuite/btcd/btcutil v1.1.5 h1:+wER79R5670vs/ZusMTF1yTcRYE5GUsFbdjdisflzM8=
github.com/btcsuite/btcd/btcutil v1.1.5/go.mod h1:PSZZ4UitpLBWzxGd5VGOrLnmOjtPP/a6HaFo12zMs00=
github.com/btcsuite/btcd/btcutil v1.1.6 h1:zFL2+c3Lb9gEgqKNzowKUPQNb8jV7v5Oaodi/AYFd6c=
github.com/btcsuite/btcd/btcutil v1.1.6/go.mod h1:9dFymx8HpuLqBnsPELrImQeTQfKBQqzqGbbV3jK55aE=
github.com/btcsuite/btcd/btcutil/psbt v1.1.9 h1:UmfOIiWMZcVMOLaN+lxbbLSuoINGS1WmK1TZNI0b4yk=
github.com/btcsuite/btcd/btcutil/psbt v1.1.9/go.mod h1:ehBEvU91lxSlXtA+zZz3iFYx7Yq9eqnKx4/kSrnsvMY=
github.com/btcsuite/btcd/chaincfg/chainhash v1.0.0/go.mod h1:7SFka0XMvUgj3hfZtydOrQY2mwhPclbT2snogU7SQQc=
github.com/btcsuite/btcd/chaincfg/chainhash v1.0.1/go.mod h1:7SFka0XMvUgj3hfZtydOrQY2mwhPclbT2snogU7SQQc=
github.com/btcsuite/btcd/chaincfg/chainhash v1.1.0 h1:59Kx4K6lzOW5w6nFlA0v5+lk/6sjybR934QNHSJZPTQ=
github.com/btcsuite/btcd/chaincfg/chainhash v1.1.0/go.mod h1:7SFka0XMvUgj3hfZtydOrQY2mwhPclbT2snogU7SQQc=
github.com/btcsuite/btclog v0.0.0-20170628155309-84c8d2346e9f/go.mod h1:TdznJufoqS23FtqVCzL0ZqgP5MqXbb4fg/WgDys70nA=
github.com/btcsuite/btclog v1.0.0 h1:sEkpKJMmfGiyZjADwEIgB1NSwMyfdD1FB8v6+w1T0Ns=
github.com/btcsuite/btclog v1.0.0/go.mod h1:w7xnGOhwT3lmrS4H3b/D1XAXxvh+tbhUm8xeHN2y3TQ=
github.com/btcsuite/btcutil v0.0.0-20190425235716-9e5f4b9a998d/go.mod h1:+5NJ2+qvTyV9exUAL/rxXi3DcLg2Ts+ymUAY5y4NvMg=
github.com/btcsuite/btcwallet v0.16.10-0.20240718224643-db3a4a2543bd h1:QDb8foTCRoXrfoZVEzSYgSde16MJh4gCtCin8OCS0kI=
github.com/btcsuite/btcwallet v0.16.10-0.20240718224643-db3a4a2543bd/go.mod h1:X2xDre+j1QphTRo54y2TikUzeSvreL1t1aMXrD8Kc5A=
github.com/btcsuite/btcwallet v0.16.10-0.20240809133323-7d3434c65ae2 h1:qa4Avm7p97JroZZyMJADbEb9u853pjleJYSeitENvLc=
github.com/btcsuite/btcwallet v0.16.10-0.20240809133323-7d3434c65ae2/go.mod h1:X2xDre+j1QphTRo54y2TikUzeSvreL1t1aMXrD8Kc5A=
github.com/btcsuite/btcwallet/wallet/txauthor v1.3.5 h1:Rr0njWI3r341nhSPesKQ2JF+ugDSzdPoeckS75SeDZk=
github.com/btcsuite/btcwallet/wallet/txauthor v1.3.5/go.mod h1:+tXJ3Ym0nlQc/iHSwW1qzjmPs3ev+UVWMbGgfV1OZqU=
github.com/btcsuite/btcwallet/wallet/txrules v1.2.2 h1:YEO+Lx1ZJJAtdRrjuhXjWrYsmAk26wLTlNzxt2q0lhk=
github.com/btcsuite/btcwallet/wallet/txrules v1.2.2/go.mod h1:4v+grppsDpVn91SJv+mZT7B8hEV4nSmpREM4I8Uohws=
github.com/btcsuite/btcwallet/wallet/txsizes v1.2.5 h1:93o5Xz9dYepBP4RMFUc9RGIFXwqP2volSWRkYJFrNtI=
github.com/btcsuite/btcwallet/wallet/txsizes v1.2.5/go.mod h1:lQ+e9HxZ85QP7r3kdxItkiMSloSLg1PEGis5o5CXUQw=
github.com/btcsuite/btcwallet/walletdb v1.4.2 h1:zwZZ+zaHo4mK+FAN6KeK85S3oOm+92x2avsHvFAhVBE=
github.com/btcsuite/btcwallet/walletdb v1.4.2/go.mod h1:7ZQ+BvOEre90YT7eSq8bLoxTsgXidUzA/mqbRS114CQ=
github.com/btcsuite/btcwallet/walletdb v1.4.4 h1:BDel6iT/ltYSIYKs0YbjwnEDi7xR3yzABIsQxN2F1L8=
github.com/btcsuite/btcwallet/walletdb v1.4.4/go.mod h1:jk/hvpLFINF0C1kfTn0bfx2GbnFT+Nvnj6eblZALfjs=
github.com/btcsuite/btcwallet/wtxmgr v1.5.4 h1:hJjHy1h/dJwSfD9uDsCwcH21D1iOrus6OrI5gR9E/O0=
github.com/btcsuite/btcwallet/wtxmgr v1.5.4/go.mod h1:lAv0b1Vj9Ig5U8QFm0yiJ9WqPl8yGO/6l7JxdHY1PKE=
github.com/btcsuite/go-socks v0.0.0-20170105172521-4720035b7bfd h1:R/opQEbFEy9JGkIguV40SvRY1uliPX8ifOvi6ICsFCw=
github.com/btcsuite/go-socks v0.0.0-20170105172521-4720035b7bfd/go.mod h1:HHNXQzUsZCxOoE+CPiyCTO6x34Zs86zZUiwtpXoGdtg=
github.com/btcsuite/goleveldb v0.0.0-20160330041536-7834afc9e8cd/go.mod h1:F+uVaaLLH7j4eDXPRvw78tMflu7Ie2bzYOH4Y8rRKBY=
github.com/btcsuite/goleveldb v1.0.0/go.mod h1:QiK9vBlgftBg6rWQIj6wFzbPfRjiykIEhBH4obrXJ/I=
github.com/btcsuite/snappy-go v0.0.0-20151229074030-0bdef8d06723/go.mod h1:8woku9dyThutzjeg+3xrA5iCpBRH8XEEg3lh6TiUghc=
github.com/btcsuite/snappy-go v1.0.0/go.mod h1:8woku9dyThutzjeg+3xrA5iCpBRH8XEEg3lh6TiUghc=
github.com/btcsuite/websocket v0.0.0-20150119174127-31079b680792 h1:R8vQdOQdZ9Y3SkEwmHoWBmX1DNXhXZqlTpq6s4tyJGc=
github.com/btcsuite/websocket v0.0.0-20150119174127-31079b680792/go.mod h1:ghJtEyQwv5/p4Mg4C0fgbePVuGr935/5ddU9Z3TmDRY=
github.com/btcsuite/winsvc v1.0.0/go.mod h1:jsenWakMcC0zFBFurPLEAyrnc/teJEM1O46fmI40EZs=
github.com/consensys/gnark-crypto v0.19.2 h1:qrEAIXq3T4egxqiliFFoNrepkIWVEeIYwt3UL0fvS80=
github.com/consensys/gnark-crypto v0.19.2/go.mod h1:rT23F0XSZqE0mUA0+pRtnL56IbPxs6gp4CeRsBk4XS0=
github.com/creack/pty v1.1.9/go.mod h1:oKZEueFk5CKHvIhNR5MUki03XCEU+Q6VDXinZuGJ33E=
github.com/davecgh/go-spew v0.0.0-20171005155431-ecdeabc65495/go.mod h1:J7Y8YcW2NihsgmVo/mv3lAwl/skON4iLHjSsI+c5H38=
github.com/davecgh/go-spew v1.1.0/go.mod h1:J7Y8YcW2NihsgmVo/mv3lAwl/skON4iLHjSsI+c5H38=
github.com/davecgh/go-spew v1.1.1/go.mod h1:J7Y8YcW2NihsgmVo/mv3lAwl/skON4iLHjSsI+c5H38=
github.com/davecgh/go-spew v1.1.2-0.20180830191138-d8f796af33cc h1:U9qPSI2PIWSS1VwoXQT9A3Wy9MM3WgvqSxFWenqJduM=
github.com/davecgh/go-spew v1.1.2-0.20180830191138-d8f796af33cc/go.mod h1:J7Y8YcW2NihsgmVo/mv3lAwl/skON4iLHjSsI+c5H38=
github.com/decred/dcrd/crypto/blake256 v1.0.0/go.mod h1:sQl2p6Y26YV+ZOcSTP6thNdn47hh8kt6rqSlvmrXFAc=
github.com/decred/dcrd/crypto/blake256 v1.1.0 h1:zPMNGQCm0g4QTY27fOCorQW7EryeQ/U0x++OzVrdms8=
github.com/decred/dcrd/crypto/blake256 v1.1.0/go.mod h1:2OfgNZ5wDpcsFmHmCK5gZTPcCXqlm2ArzUIkw9czNJo=
github.com/decred/dcrd/dcrec/secp256k1/v4 v4.0.1/go.mod h1:hyedUtir6IdtD/7lIxGeCxkaw7y45JueMRL4DIyJDKs=
github.com/decred/dcrd/dcrec/secp256k1/v4 v4.4.0 h1:NMZiJj8QnKe1LgsbDayM4UoHwbvwDRwnI3hwNaAHRnc=
github.com/decred/dcrd/dcrec/secp256k1/v4 v4.4.0/go.mod h1:ZXNYxsqcloTdSy/rNShjYzMhyjf0LaoftYK0p+A3h40=
github.com/decred/dcrd/lru v1.0.0/go.mod h1:mxKOwFd7lFjN2GZYsiz/ecgqR6kkYAl+0pz0tEMk218=
github.com/decred/dcrd/lru v1.1.3 h1:w9EAbvGLyzm6jTjF83UKuqZEiUtJmvRhQDOCEIvSuE0=
github.com/decred/dcrd/lru v1.1.3/go.mod h1:Tw0i0pJyiLEx/oZdHLe1Wdv/Y7EGzAX+sYftnmxBR4o=
github.com/dustin/go-humanize v1.0.1 h1:GzkhY7T5VNhEkwH0PVJgjz+fX1rhBrR7pRT3mDkpeCY=
github.com/dustin/go-humanize v1.0.1/go.mod h1:Mu1zIs6XwVuF/gI1OepvI0qD18qycQx+mFykh5fBlto=
github.com/fsnotify/fsnotify v1.4.7/go.mod h1:jwhsz4b93w/PPRr/qN1Yymfu8t87LnFCMoQvtojpjFo=
github.com/fsnotify/fsnotify v1.4.9/go.mod h1:znqG4EE+3YCdAaPaxE2ZRY/06pZUdp0tY4IgpuI1SZQ=
github.com/go-co-op/gocron v1.37.0 h1:ZYDJGtQ4OMhTLKOKMIch+/CY70Brbb1dGdooLEhh7b0=
github.com/go-co-op/gocron v1.37.0/go.mod h1:3L/n6BkO7ABj+TrfSVXLRzsP26zmikL4ISkLQ0O8iNY=
github.com/golang-migrate/migrate/v4 v4.18.1 h1:JML/k+t4tpHCpQTCAD62Nu43NUFzHY4CV3uAuvHGC+Y=
github.com/golang-migrate/migrate/v4 v4.18.1/go.mod h1:HAX6m3sQgcdO81tdjn5exv20+3Kb13cmGli1hrD6hks=
github.com/golang/protobuf v1.2.0/go.mod h1:6lQm79b+lXiMfvg/cZm0SGofjICqVBUtrP5yJMmIC1U=
github.com/golang/protobuf v1.4.0-rc.1/go.mod h1:ceaxUfeHdC40wWswd/P6IGgMaK3YpKi5j83Wpe3EHw8=
github.com/golang/protobuf v1.4.0-rc.1.0.20200221234624-67d41d38c208/go.mod h1:xKAWHe0F5eneWXFV3EuXVDTCmh+JuBKY0li0aMyXATA=
github.com/golang/protobuf v1.4.0-rc.2/go.mod h1:LlEzMj4AhA7rCAGe4KMBDvJI+AwstrUpVNzEA03Pprs=
github.com/golang/protobuf v1.4.0-rc.4.0.20200313231945-b860323f09d0/go.mod h1:WU3c8KckQ9AFe+yFwt9sWVRKCVIyN9cPHBJSNnbL67w=
github.com/golang/protobuf v1.4.0/go.mod h1:jodUvKwWbYaEsadDk5Fwe5c77LiNKVO9IDvqG2KuDX0=
github.com/golang/protobuf v1.4.2/go.mod h1:oDoupMAO8OvCJWAcko0GGGIgR6R6ocIYbsSw735rRwI=
github.com/golang/snappy v0.0.4 h1:yAGX7huGHXlcLOEtBnF4w7FQwA26wojNCwOYAEhLjQM=
github.com/golang/snappy v0.0.4/go.mod h1:/XxbfmMg8lxefKM7IXC3fBNl/7bRcc72aCRzEWrmP2Q=
github.com/google/cel-go v0.26.1 h1:iPbVVEdkhTX++hpe3lzSk7D3G3QSYqLGoHOcEio+UXQ=
github.com/google/cel-go v0.26.1/go.mod h1:A9O8OU9rdvrK5MQyrqfIxo1a0u4g3sF8KB6PUIaryMM=
github.com/google/go-cmp v0.3.0/go.mod h1:8QqcDgzrUqlUb/G2PQTWiueGozuR1884gddMywk6iLU=
github.com/google/go-cmp v0.3.1/go.mod h1:8QqcDgzrUqlUb/G2PQTWiueGozuR1884gddMywk6iLU=
github.com/google/go-cmp v0.4.0/go.mod h1:v8dTdLbMG2kIc/vJvl+f65V22dbkXbowE6jgT/gNBxE=
github.com/google/go-cmp v0.7.0 h1:wk8382ETsv4JYUZwIsn6YpYiWiBsYLSJiTsyBybVuN8=
github.com/google/go-cmp v0.7.0/go.mod h1:pXiqmnSA92OHEEa9HXL2W4E7lf9JzCmGVUdgjX3N/iU=
github.com/google/uuid v1.4.0/go.mod h1:TIyPZe4MgqvfeYDBFedMoGGpEw/LqOeaOT+nhxU+yHo=
github.com/google/uuid v1.6.0 h1:NIvaJDMOsjHA8n1jAhLSgzrAzy1Hgr+hNrb57e+94F0=
github.com/google/uuid v1.6.0/go.mod h1:TIyPZe4MgqvfeYDBFedMoGGpEw/LqOeaOT+nhxU+yHo=
github.com/gorilla/websocket v1.5.0/go.mod h1:YR8l580nyteQvAITg2hZ9XVh4b55+EU/adAjf1fMHhE=
github.com/gorilla/websocket v1.5.3 h1:saDtZ6Pbx/0u+bgYQ3q96pZgCzfhKXGPqt7kZ72aNNg=
github.com/gorilla/websocket v1.5.3/go.mod h1:YR8l580nyteQvAITg2hZ9XVh4b55+EU/adAjf1fMHhE=
github.com/hashicorp/errwrap v1.0.0/go.mod h1:YH+1FKiLXxHSkmPseP+kNlulaMuP3n2brvKWEqk/Jc4=
github.com/hashicorp/errwrap v1.1.0 h1:OxrOeh75EUXMY8TBjag2fzXGZ40LB6IKw45YeGUDY2I=
github.com/hashicorp/errwrap v1.1.0/go.mod h1:YH+1FKiLXxHSkmPseP+kNlulaMuP3n2brvKWEqk/Jc4=
github.com/hashicorp/go-multierror v1.1.1 h1:H5DkEtf6CXdFp0N0Em5UCwQpXMWke8IA0+lD48awMYo=
github.com/hashicorp/go-multierror v1.1.1/go.mod h1:iw975J/qwKPdAO1clOe2L8331t/9/fmwbPZ6JB6eMoM=
github.com/hashicorp/golang-lru/v2 v2.0.7 h1:a+bsQ5rvGLjzHuww6tVxozPZFVghXaHOwFs4luLUK2k=
github.com/hashicorp/golang-lru/v2 v2.0.7/go.mod h1:QeFd9opnmA6QUJc5vARoKUSoFhyfM2/ZepoAG6RGpeM=
github.com/hpcloud/tail v1.0.0/go.mod h1:ab1qPbhIpdTxEkNHXyeSf5vhxWSCs/tWer42PpOxQnU=
github.com/jessevdk/go-flags v0.0.0-20141203071132-1679536dcc89/go.mod h1:4FA24M0QyGHXBuZZK/XkWh8h0e1EYbRYJSGM75WSRxI=
github.com/jessevdk/go-flags v1.4.0/go.mod h1:4FA24M0QyGHXBuZZK/XkWh8h0e1EYbRYJSGM75WSRxI=
github.com/jrick/logrotate v1.0.0/go.mod h1:LNinyqDIJnpAur+b8yyulnQw/wDuN1+BYKlTRt3OuAQ=
github.com/julienschmidt/httprouter v1.3.0 h1:U0609e9tgbseu3rBINet9P48AI/D3oJs4dN7jwJOQ1U=
github.com/julienschmidt/httprouter v1.3.0/go.mod h1:JR6WtHb+2LUe8TCKY3cZOxFyyO8IZAc4RVcycCCAKdM=
github.com/kkdai/bstream v0.0.0-20161212061736-f391b8402d23/go.mod h1:J+Gs4SYgM6CZQHDETBtE9HaSEkGmuNXF86RwHhHUvq4=
github.com/kkdai/bstream v1.0.0 h1:Se5gHwgp2VT2uHfDrkbbgbgEvV9cimLELwrPJctSjg8=
github.com/kkdai/bstream v1.0.0/go.mod h1:FDnDOHt5Yx4p3FaHcioFT0QjDOtgUpvjeZqAs+NVZZA=
github.com/kr/pretty v0.1.0/go.mod h1:dAy3ld7l9f0ibDNOQOHHMYYIIbhfbHSm3C4ZsoJORNo=
github.com/kr/pretty v0.2.1/go.mod h1:ipq/a2n7PKx3OHsz4KJII5eveXtPO4qwEXGdVfWzfnI=
github.com/kr/pretty v0.3.0/go.mod h1:640gp4NfQd8pI5XOwp5fnNeVWj67G7CFk/SaSQn7NBk=
github.com/kr/pty v1.1.1/go.mod h1:pFQYn66WHrOpPYNljwOMqo10TkYh1fy3cYio2l3bCsQ=
github.com/kr/text v0.1.0/go.mod h1:4Jbv+DJW3UT/LiOwJeYQe1efqtUx/iVham/4vfdArNI=
github.com/kr/text v0.2.0/go.mod h1:eLer722TekiGuMkidMxC/pM04lWEeraHUUmBw8l2grE=
github.com/leanovate/gopter v0.2.11 h1:vRjThO1EKPb/1NsDXuDrzldR28RLkBflWYcU9CvzWu4=
github.com/leanovate/gopter v0.2.11/go.mod h1:aK3tzZP/C+p1m3SPRE4SYZFGP7jjkuSI4f7Xvpt0S9c=
github.com/lightninglabs/gozmq v0.0.0-20191113021534-d20a764486bf h1:HZKvJUHlcXI/f/O0Avg7t8sqkPo78HFzjmeYFl6DPnc=
github.com/lightninglabs/gozmq v0.0.0-20191113021534-d20a764486bf/go.mod h1:vxmQPeIQxPf6Jf9rM8R+B4rKBqLA2AjttNxkFBL2Plk=
github.com/lightninglabs/neutrino v0.16.1-0.20240425105051-602843d34ffd h1:D8aRocHpoCv43hL8egXEMYyPmyOiefFHZ66338KQB2s=
github.com/lightninglabs/neutrino v0.16.1-0.20240425105051-602843d34ffd/go.mod h1:x3OmY2wsA18+Kc3TSV2QpSUewOCiscw2mKpXgZv2kZk=
github.com/lightninglabs/neutrino/cache v1.1.2 h1:C9DY/DAPaPxbFC+xNNEI/z1SJY9GS3shmlu5hIQ798g=
github.com/lightninglabs/neutrino/cache v1.1.2/go.mod h1:XJNcgdOw1LQnanGjw8Vj44CvguYA25IMKjWFZczwZuo=
github.com/lightningnetwork/lnd v0.18.3-beta.rc3 h1:wJotvrg1BqMsDMTOugTFOz/bUKW2+02i0I2kj/PhV/I=
github.com/lightningnetwork/lnd v0.18.3-beta.rc3/go.mod h1:Xamph8AYM3iWyyn9w/tx+cLG6Tx1SSnSSPRFn71zuyQ=
github.com/lightningnetwork/lnd/clock v1.1.1 h1:OfR3/zcJd2RhH0RU+zX/77c0ZiOnIMsDIBjgjWdZgA0=
github.com/lightningnetwork/lnd/clock v1.1.1/go.mod h1:mGnAhPyjYZQJmebS7aevElXKTFDuO+uNFFfMXK1W8xQ=
github.com/lightningnetwork/lnd/fn v1.2.1 h1:pPsVGrwi9QBwdLJzaEGK33wmiVKOxs/zc8H7+MamFf0=
github.com/lightningnetwork/lnd/fn v1.2.1/go.mod h1:SyFohpVrARPKH3XVAJZlXdVe+IwMYc4OMAvrDY32kw0=
github.com/lightningnetwork/lnd/queue v1.1.1 h1:99ovBlpM9B0FRCGYJo6RSFDlt8/vOkQQZznVb18iNMI=
github.com/lightningnetwork/lnd/queue v1.1.1/go.mod h1:7A6nC1Qrm32FHuhx/mi1cieAiBZo5O6l8IBIoQxvkz4=
github.com/lightningnetwork/lnd/ticker v1.1.1 h1:J/b6N2hibFtC7JLV77ULQp++QLtCwT6ijJlbdiZFbSM=
github.com/lightningnetwork/lnd/ticker v1.1.1/go.mod h1:waPTRAAcwtu7Ji3+3k+u/xH5GHovTsCoSVpho0KDvdA=
github.com/lightningnetwork/lnd/tlv v1.2.6 h1:icvQG2yDr6k3ZuZzfRdG3EJp6pHurcuh3R6dg0gv/Mw=
github.com/lightningnetwork/lnd/tlv v1.2.6/go.mod h1:/CmY4VbItpOldksocmGT4lxiJqRP9oLxwSZOda2kzNQ=
github.com/mattn/go-isatty v0.0.24 h1:tGZZoVgT/KiqK1c8ocVLeDS8BSWMRd47J3Lbz7vsReI=
github.com/mattn/go-isatty v0.0.24/go.mod h1:nMCL3Zebbrt45jsMDgnfIwz6ydEQApk5oEI3HqDio6A=
github.com/meshapi/grpc-api-gateway v0.1.0 h1:0rGp4qZQ6T9Ud0KfzdHYsEju4AX/Q3AQOU7unoBLssY=
github.com/meshapi/grpc-api-gateway v0.1.0/go.mod h1:lkFQUbwq7i/JqEPZMzCIRskp9Jb7tm1uLODwsOdw064=
github.com/ncruces/go-strftime v1.0.0 h1:HMFp8mLCTPp341M/ZnA4qaf7ZlsbTc+miZjCLOFAw7w=
github.com/ncruces/go-strftime v1.0.0/go.mod h1:Fwc5htZGVVkseilnfgOVb9mKy6w1naJmn9CehxcKcls=
github.com/nxadm/tail v1.4.4/go.mod h1:kenIhsEOeOJmVchQTgglprH7qJGnHDVpk1VPCcaMI8A=
github.com/onsi/ginkgo v1.6.0/go.mod h1:lLunBs/Ym6LB5Z9jYTR76FiuTmxDTDusOGeTQH+WWjE=
github.com/onsi/ginkgo v1.7.0/go.mod h1:lLunBs/Ym6LB5Z9jYTR76FiuTmxDTDusOGeTQH+WWjE=
github.com/onsi/ginkgo v1.12.1/go.mod h1:zj2OWP4+oCPe1qIXoGWkgMRwljMUYCdkwsT2108oapk=
github.com/onsi/ginkgo v1.14.0/go.mod h1:iSB4RoI2tjJc9BBv4NKIKWKya62Rps+oPG/Lv9klQyY=
github.com/onsi/gomega v1.4.1/go.mod h1:C1qb7wdrVGGVU+Z6iS04AVkA3Q65CEZX59MT0QO5uiA=
github.com/onsi/gomega v1.4.3/go.mod h1:ex+gbHU/CVuBBDIJjb2X0qEXbFg53c61hWP/1CpauHY=
github.com/onsi/gomega v1.7.1/go.mod h1:XdKZgCCFLUoM/7CFJVPcG8C1xQ1AJ0vpAezJrB7JYyY=
github.com/onsi/gomega v1.10.1/go.mod h1:iN09h71vgCQne3DLsj+A5owkum+a2tYe+TOCB1ybHNo=
github.com/pkg/diff v0.0.0-20210226163009-20ebb0f2a09e/go.mod h1:pJLUxLENpZxwdsKMEsNbx1VGcRFpLqf3715MtcvvzbA=
github.com/pmezard/go-difflib v1.0.0/go.mod h1:iKH77koFhYxTK1pcRnkKkqfTogsbg7gZNVY4sRDYZ/4=
github.com/pmezard/go-difflib v1.0.1-0.20181226105442-5d4384ee4fb2 h1:Jamvg5psRIccs7FGNTlIRMkT8wgtp5eCXdBlqhYGL6U=
github.com/pmezard/go-difflib v1.0.1-0.20181226105442-5d4384ee4fb2/go.mod h1:iKH77koFhYxTK1pcRnkKkqfTogsbg7gZNVY4sRDYZ/4=
github.com/remyoudompheng/bigfft v0.0.0-20230129092748-24d4a6f8daec h1:W09IVJc94icq4NjY3clb7Lk8O1qJ8BdBEF8z0ibU0rE=
github.com/remyoudompheng/bigfft v0.0.0-20230129092748-24d4a6f8daec/go.mod h1:qqbHyh8v60DhA7CoWK5oRCqLrMHRGoxYCSS9EjAz6Eo=
github.com/robfig/cron/v3 v3.0.1 h1:WdRxkvbJztn8LMz/QEvLN5sBU+xKpSqwwUO1Pjr4qDs=
github.com/robfig/cron/v3 v3.0.1/go.mod h1:eQICP3HwyT7UooqI/z+Ov+PtYAWygg1TEWWzGIFLtro=
github.com/rogpeppe/go-internal v1.6.1/go.mod h1:xXDCJY+GAPziupqXw64V24skbSoqbTEfhy4qGm1nDQc=
github.com/rogpeppe/go-internal v1.8.1/go.mod h1:JeRgkft04UBgHMgCIwADu4Pn6Mtm5d4nPKWu0nJ5d+o=
github.com/sirupsen/logrus v1.9.3 h1:dueUQJ1C2q9oE3F7wvmSGAaVtTmUizReu6fjN8uqzbQ=
github.com/sirupsen/logrus v1.9.3/go.mod h1:naHLuLoDiP4jHNo9R0sCBMtWGeIprob74mVsIT4qYEQ=
github.com/stoewer/go-strcase v1.2.0 h1:Z2iHWqGXH00XYgqDmNgQbIBxf3wrNq0F3feEy0ainaU=
github.com/stoewer/go-strcase v1.2.0/go.mod h1:IBiWB2sKIp3wVVQ3Y035++gc+knqhUQag1KpM8ahLw8=
github.com/stretchr/objx v0.1.0/go.mod h1:HFkY916IF+rwdDfMAkV7OtwuqBVzrE8GR6GFx+wExME=
github.com/stretchr/objx v0.4.0/go.mod h1:YvHI0jy2hoMjB+UWwv71VJQ9isScKT/TqJzVSSt89Yw=
github.com/stretchr/objx v0.5.0/go.mod h1:Yh+to48EsGEfYuaHDzXPcE3xhTkx73EhmCGUpEOglKo=
github.com/stretchr/objx v0.5.2 h1:xuMeJ0Sdp5ZMRXx/aWO6RZxdr3beISkG5/G/aIRr3pY=
github.com/stretchr/objx v0.5.2/go.mod h1:FRsXN1f5AsAjCGJKqEizvkpNtU+EGNCLh3NxZ/8L+MA=
github.com/stretchr/testify v1.3.0/go.mod h1:M5WIy9Dh21IEIfnGCwXGc5bZfKNJtfHm1UVUgZn+9EI=
github.com/stretchr/testify v1.5.1/go.mod h1:5W2xD1RspED5o8YsWQXVCued0rvSQ+mT+I5cxcmMvtA=
github.com/stretchr/testify v1.7.0/go.mod h1:6Fq8oRcR53rry900zMqJjRRixrwX3KX962/h/Wwjteg=
github.com/stretchr/testify v1.7.1/go.mod h1:6Fq8oRcR53rry900zMqJjRRixrwX3KX962/h/Wwjteg=
github.com/stretchr/testify v1.8.0/go.mod h1:yNjHg4UonilssWZ8iaSj1OCr/vHnekPRkoO+kdMU+MU=
github.com/stretchr/testify v1.8.2/go.mod h1:w2LPCIKwWwSfY2zedu0+kehJoqGctiVI29o6fzry7u4=
github.com/stretchr/testify v1.8.4/go.mod h1:sz/lmYIOXD/1dqDmKjjqLyZ2RngseejIcXlSw2iwfAo=
github.com/stretchr/testify v1.11.1 h1:7s2iGBzp5EwR7/aIZr8ao5+dra3wiQyKjjFuvgVKu7U=
github.com/stretchr/testify v1.11.1/go.mod h1:wZwfW3scLgRK+23gO65QZefKpKQRnfz6sD981Nm4B6U=
github.com/syndtr/goleveldb v1.0.1-0.20210819022825-2ae1ddf74ef7 h1:epCh84lMvA70Z7CTTCmYQn2CKbY8j86K7/FAIr141uY=
github.com/syndtr/goleveldb v1.0.1-0.20210819022825-2ae1ddf74ef7/go.mod h1:q4W45IWZaF22tdD+VEXcAWRA037jwmWEB5VWYORlTpc=
github.com/tidwall/gjson v1.19.0 h1:xwxm7n691Uf3u5OFjzngavjGTh55KX5q/9w9xHW88JU=
github.com/tidwall/gjson v1.19.0/go.mod h1:V37/opeE/JbLUOfH0QTXiNez2l0RUjYUhpT4szFQAfc=
github.com/tidwall/match v1.1.1 h1:+Ho715JplO36QYgwN9PGYNhgZvoUSc9X2c80KVTi+GA=
github.com/tidwall/match v1.1.1/go.mod h1:eRSPERbgtNPcGhD8UCthc6PmLEQXEWd3PRB5JTxsfmM=
github.com/tidwall/pretty v1.2.0 h1:RWIZEg2iJ8/g6fDDYzMpobmaoGh5OLl4AXtGUGPcqCs=
github.com/tidwall/pretty v1.2.0/go.mod h1:ITEVvHYasfjBbM0u2Pg8T2nJnzm8xPwvNhhsoaGGjNU=
go.etcd.io/bbolt v1.3.10 h1:+BqfJTcCzTItrop8mq/lbzL8wSGtj94UO/3U31shqG0=
go.etcd.io/bbolt v1.3.10/go.mod h1:bK3UQLPJZly7IlNmV7uVHJDxfe5aK9Ll93e/74Y9oEQ=
go.etcd.io/bbolt v1.3.11 h1:yGEzV1wPz2yVCLsD8ZAiGHhHVlczyC9d1rP43/VCRJ0=
go.uber.org/atomic v1.9.0/go.mod h1:fEN4uk6kAWBTFdckzkM89CLk9XfWZrxpCo0nPH17wJc=
go.uber.org/atomic v1.11.0 h1:ZvwS0R+56ePWxUNi+Atn9dWONBPp/AUETXlHW0DxSjE=
go.uber.org/atomic v1.11.0/go.mod h1:LUxbIzbOniOlMKjJjyPfpl4v+PKK2cNJn91OQbhoJI0=
golang.org/x/crypto v0.0.0-20170930174604-9419663f5a44/go.mod h1:6SG95UA2DQfeDnfUPMdvaQW0Q7yPrPDi9nlGo2tz2b4=
golang.org/x/crypto v0.0.0-20190308221718-c2843e01d9a2/go.mod h1:djNgcEr1/C05ACkg1iLfiJU5Ep61QUkGW8qpdssI0+w=
golang.org/x/crypto v0.0.0-20200622213623-75b288015ac9/go.mod h1:LzIPMQfyMNhhGPhUkYOs5KpL4U8rLKemX1yGLhDgUto=
golang.org/x/crypto v0.52.0 h1:RMs7fP2rXdep0CftQlK8Uf+kibLm7qkCcradZWYz988=
golang.org/x/crypto v0.52.0/go.mod h1:1QgfPxDqh0T2M/elOJtp9RvuR95kVjir0e6/BvEmGbc=
golang.org/x/exp v0.0.0-20250305212735-054e65f0b394 h1:nDVHiLt8aIbd/VzvPWN6kSOPE7+F/fNFDSXLVYkE/Iw=
golang.org/x/exp v0.0.0-20250305212735-054e65f0b394/go.mod h1:sIifuuw/Yco/y6yb6+bDNfyeQ/MdPUy/hKEMYQV17cM=
golang.org/x/net v0.0.0-20180719180050-a680a1efc54d/go.mod h1:mL1N/T3taQHkDXs73rZJwtUhF3w3ftmwwsq0BUmARs4=
golang.org/x/net v0.0.0-20180906233101-161cd47e91fd/go.mod h1:mL1N/T3taQHkDXs73rZJwtUhF3w3ftmwwsq0BUmARs4=
golang.org/x/net v0.0.0-20190404232315-eb5bcb51f2a3/go.mod h1:t9HGtf8HONx5eT2rtn7q6eTqICYqUVnKs3thJo3Qplg=
golang.org/x/net v0.0.0-20200520004742-59133d7f0dd7/go.mod h1:qpuaurCH72eLCgpAm/N6yyVIVM9cpaDIP3A8BGJEC5A=
golang.org/x/net v0.0.0-20200813134508-3edf25e44fcc/go.mod h1:/O7V0waA8r7cgGh81Ro3o1hOxt32SMVPicZroKQ2sZA=
golang.org/x/net v0.55.0 h1:bcvxaJn3e1U6InsFWt1JUq1aSjnRxLzT2rtD2KfkDF8=
golang.org/x/net v0.55.0/go.mod h1:L5U2KuzuOe1lY7Z+aWVIKK6qEeJXnXV9yzGA+WCHJww=
golang.org/x/sync v0.0.0-20180314180146-1d60e4601c6f/go.mod h1:RxMgew5VJxzue5/jJTE5uejpjVlOe/izrB70Jof72aM=
golang.org/x/sync v0.21.0 h1:HLII4xRRTtCRkxYp4HNFF0Js/Og6q2i++KXbg0gHCwM=
golang.org/x/sync v0.21.0/go.mod h1:9xrNwdLfx4jkKbNva9FpL6vEN7evnE43NNNJQ2LF3+0=
golang.org/x/sys v0.0.0-20180909124046-d0be0721c37e/go.mod h1:STP8DvDyc/dI5b8T5hshtkjS+E42TnysNCUPdjciGhY=
golang.org/x/sys v0.0.0-20190215142949-d0b11bdaac8a/go.mod h1:STP8DvDyc/dI5b8T5hshtkjS+E42TnysNCUPdjciGhY=
golang.org/x/sys v0.0.0-20190412213103-97732733099d/go.mod h1:h1NjWce9XRLGQEsW7wpKNCjG9DtNlClVuFLEZdDNbEs=
golang.org/x/sys v0.0.0-20190904154756-749cb33beabd/go.mod h1:h1NjWce9XRLGQEsW7wpKNCjG9DtNlClVuFLEZdDNbEs=
golang.org/x/sys v0.0.0-20191005200804-aed5e4c7ecf9/go.mod h1:h1NjWce9XRLGQEsW7wpKNCjG9DtNlClVuFLEZdDNbEs=
golang.org/x/sys v0.0.0-20191120155948-bd437916bb0e/go.mod h1:h1NjWce9XRLGQEsW7wpKNCjG9DtNlClVuFLEZdDNbEs=
golang.org/x/sys v0.0.0-20200323222414-85ca7c5b95cd/go.mod h1:h1NjWce9XRLGQEsW7wpKNCjG9DtNlClVuFLEZdDNbEs=
golang.org/x/sys v0.0.0-20200519105757-fe76b779f299/go.mod h1:h1NjWce9XRLGQEsW7wpKNCjG9DtNlClVuFLEZdDNbEs=
golang.org/x/sys v0.0.0-20200814200057-3d37ad5750ed/go.mod h1:h1NjWce9XRLGQEsW7wpKNCjG9DtNlClVuFLEZdDNbEs=
golang.org/x/sys v0.0.0-20220715151400-c0bba94af5f8/go.mod h1:oPkhp1MJrh7nUepCBck5+mAzfO9JrbApNNgaTdGDITg=
golang.org/x/sys v0.47.0 h1:o7XGOvZQCADBQQ4Y7VNq2dRWQR7JmOUW8Kxx4ZsNgWs=
golang.org/x/sys v0.47.0/go.mod h1:4GL1E5IUh+htKOUEOaiffhrAeqysfVGipDYzABqnCmw=
golang.org/x/term v0.43.0 h1:S4RLU2sB31O/NCl+zFN9Aru9A/Cq2aqKpTZJ6B+DwT4=
golang.org/x/term v0.43.0/go.mod h1:lrhlHNdQJHO+1qVYiHfFKVuVioJIheAc3fBSMFYEIsk=
golang.org/x/text v0.3.0/go.mod h1:NqM8EUOU14njkJ3fqMW+pc6Ldnwhi/IjpwHt7yyuwOQ=
golang.org/x/text v0.3.2/go.mod h1:bEr9sfX3Q8Zfm5fL9x+3itogRgK3+ptLWKqgva+5dAk=
golang.org/x/text v0.3.3/go.mod h1:5Zoc/QRtKVWzQhOtBMvqHzDpF6irO9z98xDceosuGiQ=
golang.org/x/text v0.39.0 h1:UbZz4pLOvn600D6Oh6GGEI6VAmndrEBLv8/6BEXzyus=
golang.org/x/text v0.39.0/go.mod h1:3UwRclnC2g0TU9x8PZiyfOajCd1zaUNHF9cvqcQZ+ZM=
golang.org/x/tools v0.0.0-20180917221912-90fa682c2a6e/go.mod h1:n7NCudcB/nEzxVGmLbDWY5pfWTLqBcC2KZ6jyYvM4mQ=
golang.org/x/xerrors v0.0.0-20191204190536-9bdfabe68543/go.mod h1:I/5z698sn9Ka8TeJc9MKroUUfqBBauWjQqLJ2OPfmY0=
golang.org/x/xerrors v0.0.0-20200804184101-5ec99f83aff1/go.mod h1:I/5z698sn9Ka8TeJc9MKroUUfqBBauWjQqLJ2OPfmY0=
google.golang.org/genproto v0.0.0-20241118233622-e639e219e697 h1:ToEetK57OidYuqD4Q5w+vfEnPvPpuTwedCNVohYJfNk=
google.golang.org/genproto v0.0.0-20241118233622-e639e219e697/go.mod h1:JJrvXBWRZaFMxBufik1a4RpFw4HhgVtBBWQeQgUj2cc=
google.golang.org/genproto/googleapis/api v0.0.0-20260414002931-afd174a4e478 h1:yQugLulqltosq0B/f8l4w9VryjV+N/5gcW0jQ3N8Qec=
google.golang.org/genproto/googleapis/api v0.0.0-20260414002931-afd174a4e478/go.mod h1:C6ADNqOxbgdUUeRTU+LCHDPB9ttAMCTff6auwCVa4uc=
google.golang.org/genproto/googleapis/rpc v0.0.0-20260414002931-afd174a4e478 h1:RmoJA1ujG+/lRGNfUnOMfhCy5EipVMyvUE+KNbPbTlw=
google.golang.org/genproto/googleapis/rpc v0.0.0-20260414002931-afd174a4e478/go.mod h1:4Hqkh8ycfw05ld/3BWL7rJOSfebL2Q+DVDeRgYgxUU8=
google.golang.org/grpc v1.82.1 h1:NnAxzGRA0677vCa4BUkOAnO5+FfQqVl9iUXeD0IqcGE=
google.golang.org/grpc v1.82.1/go.mod h1:yzTZ1TB1Z3SG+LIYaI+WiE8D5+PZ3ArnrSp8zF3+/ZA=
google.golang.org/protobuf v0.0.0-20200109180630-ec00e32a8dfd/go.mod h1:DFci5gLYBciE7Vtevhsrf46CRTquxDuWsQurQQe4oz8=
google.golang.org/protobuf v0.0.0-20200221191635-4d8936d0db64/go.mod h1:kwYJMbMJ01Woi6D6+Kah6886xMZcty6N08ah7+eCXa0=
google.golang.org/protobuf v0.0.0-20200228230310-ab0ca4ff8a60/go.mod h1:cfTl7dwQJ+fmap5saPgwCLgHXTUD7jkjRqWcaiX5VyM=
google.golang.org/protobuf v1.20.1-0.20200309200217-e05f789c0967/go.mod h1:A+miEFZTKqfCUM6K7xSMQL9OKL/b6hQv+e19PK+JZNE=
google.golang.org/protobuf v1.21.0/go.mod h1:47Nbq4nVaFHyn7ilMalzfO3qCViNmqZ2kzikPIcrTAo=
google.golang.org/protobuf v1.23.0/go.mod h1:EGpADcykh3NcUnDUJcl1+ZksZNG86OlYog2l/sGQquU=
google.golang.org/protobuf v1.36.11 h1:fV6ZwhNocDyBLK0dj+fg8ektcVegBBuEolpbTQyBNVE=
google.golang.org/protobuf v1.36.11/go.mod h1:HTf+CrKn2C3g5S8VImy6tdcUvCska2kB7j23XfzDpco=
gopkg.in/check.v1 v0.0.0-20161208181325-20d25e280405/go.mod h1:Co6ibVJAznAaIkqp8huTwlJQCZ016jof/cbN4VW5Yz0=
gopkg.in/check.v1 v1.0.0-20180628173108-788fd7840127/go.mod h1:Co6ibVJAznAaIkqp8huTwlJQCZ016jof/cbN4VW5Yz0=
gopkg.in/check.v1 v1.0.0-20201130134442-10cb98267c6c/go.mod h1:JHkPIbrfpd72SG/EVd6muEfDQjcINNoR0C8j2r3qZ4Q=
gopkg.in/errgo.v2 v2.1.0/go.mod h1:hNsd1EY+bozCKY1Ytp96fpM3vjJbqLJn88ws8XvfDNI=
gopkg.in/fsnotify.v1 v1.4.7/go.mod h1:Tz8NjZHkW78fSQdbUxIjBTcgA1z1m8ZHf0WmKUhAMys=
gopkg.in/tomb.v1 v1.0.0-20141024135613-dd632973f1e7/go.mod h1:dt/ZhP58zS4L8KSrWDmTeBkI65Dw0HsyUHuEVlX15mw=
gopkg.in/yaml.v2 v2.2.1/go.mod h1:hI93XBmqTisBFMUTm0b8Fm+jr3Dg1NNxqwp+5A1VGuI=
gopkg.in/yaml.v2 v2.2.2/go.mod h1:hI93XBmqTisBFMUTm0b8Fm+jr3Dg1NNxqwp+5A1VGuI=
gopkg.in/yaml.v2 v2.2.4/go.mod h1:hI93XBmqTisBFMUTm0b8Fm+jr3Dg1NNxqwp+5A1VGuI=
gopkg.in/yaml.v2 v2.3.0/go.mod h1:hI93XBmqTisBFMUTm0b8Fm+jr3Dg1NNxqwp+5A1VGuI=
gopkg.in/yaml.v3 v3.0.0-20200313102051-9f266ea9e77c/go.mod h1:K4uyk7z7BCEPqu6E+C64Yfv1cQ7kz7rIZviUmN+EgEM=
gopkg.in/yaml.v3 v3.0.1 h1:fxVm/GzAzEWqLHuvctI91KS9hhNmmWOoWu0XTYJS7CA=
gopkg.in/yaml.v3 v3.0.1/go.mod h1:K4uyk7z7BCEPqu6E+C64Yfv1cQ7kz7rIZviUmN+EgEM=
modernc.org/gc/v3 v3.1.4 h1:2g65LGVSmFQrXeITAw97x7hCRvZFcyE1uDP+7Vng7JI=
modernc.org/gc/v3 v3.1.4/go.mod h1:HFK/6AGESC7Ex+EZJhJ2Gni6cTaYpSMmU/cT9RmlfYY=
modernc.org/libc v1.74.4 h1:fX1Omw4o2/1C2iRkkIsrQTasJQldLhRmuPreXLoWs9k=
modernc.org/libc v1.74.4/go.mod h1:eeQAS9W3sZeKYMFubydxJpII9ybHWshk+7or7bLG9co=
modernc.org/mathutil v1.7.1 h1:GCZVGXdaN8gTqB1Mf/usp1Y/hSqgI2vAGGP4jZMCxOU=
modernc.org/mathutil v1.7.1/go.mod h1:4p5IwJITfppl0G4sUEDtCr4DthTaT47/N3aT6MhfgJg=
modernc.org/memory v1.11.0 h1:o4QC8aMQzmcwCK3t3Ux/ZHmwFPzE6hf2Y5LbkRs+hbI=
modernc.org/memory v1.11.0/go.mod h1:/JP4VbVC+K5sU2wZi9bHoq2MAkCnrt2r98UGeSK7Mjw=
modernc.org/sqlite v1.33.1 h1:trb6Z3YYoeM9eDL1O8do81kP+0ejv+YzgyFo+Gwy0nM=
modernc.org/sqlite v1.33.1/go.mod h1:pXV2xHxhzXZsgT/RtTFAPY6JJDEvOTcTdwADQCCWD4k=
modernc.org/strutil v1.2.1 h1:UneZBkQA+DX2Rp35KcM69cSsNES9ly8mQWD71HKlOA0=
modernc.org/strutil v1.2.1/go.mod h1:EHkiggD70koQxjVdSBM3JKM7k6L0FbGE5eymy9i3B9A=
modernc.org/token v1.1.0 h1:Xl7Ap9dKaEs5kLoOQeQmPWevfnk/DM5qcLcYlA8ys6Y=
modernc.org/token v1.1.0/go.mod h1:UGzOrNV1mAFSEB63lOFHIpNRUVMvYTc6yu1SMY/XTDM=
